
Microsoft Visual Studio Solution File, Format Version 12.00
# Visual Studio Version 17
VisualStudioVersion = 17.7.34031.279
MinimumVisualStudioVersion = 10.0.40219.1
Project("{2150E333-8FDC-42A3-9474-1A3956D46DE8}") = "Frontend", "Frontend", "{98301D29-6A20-435C-A6EE-E9CCEFFD2B81}"
EndProject
Project("{2150E333-8FDC-42A3-9474-1A3956D46DE8}") = "Backend", "Backend", "{68812B97-4B35-45CE-80CC-4497750FAD25}"
EndProject
Project("{2150E333-8FDC-42A3-9474-1A3956D46DE8}") = "Shared", "Shared", "{DBD26500-3542-423D-8F93-091359D31529}"
EndProject
Project("{FAE04EC0-301F-11D3-BF4B-00C04F79EFBC}") = "YBI02R_HFT_2023241.Client", "Frontend\YBI02R_HFT_2023241.Client\YBI02R_HFT_2023241.Client.csproj", "{B26E547A-F711-493C-9752-6E5BC3411599}"
	ProjectSection(ProjectDependencies) = postProject
		{2A15D296-DF05-440A-8B64-4DBC49D4F20C} = {2A15D296-DF05-440A-8B64-4DBC49D4F20C}
	EndProjectSection
EndProject
Project("{FAE04EC0-301F-11D3-BF4B-00C04F79EFBC}") = "YBI02R_HFT_2023241.Logic", "Backend\YBI02R_HFT_2023241.Logic\YBI02R_HFT_2023241.Logic.csproj", "{199647C7-9356-4B7A-ABC7-4CA18EAB1C07}"
	ProjectSection(ProjectDependencies) = postProject
		{2A15D296-DF05-440A-8B64-4DBC49D4F20C} = {2A15D296-DF05-440A-8B64-4DBC49D4F20C}
		{50DB7DF3-8249-4BEC-B8BB-A8A8412C75C1} = {50DB7DF3-8249-4BEC-B8BB-A8A8412C75C1}
	EndProjectSection
EndProject
Project("{FAE04EC0-301F-11D3-BF4B-00C04F79EFBC}") = "YBI02R_HFT_2023241.Repository", "Backend\YBI02R_HFT_2023241.Repository\YBI02R_HFT_2023241.Repository.csproj", "{50DB7DF3-8249-4BEC-B8BB-A8A8412C75C1}"
	ProjectSection(ProjectDependencies) = postProject
		{2A15D296-DF05-440A-8B64-4DBC49D4F20C} = {2A15D296-DF05-440A-8B64-4DBC49D4F20C}
	EndProjectSection
EndProject
Project("{FAE04EC0-301F-11D3-BF4B-00C04F79EFBC}") = "YBI02R_HFT_2023241.Test", "Backend\YBI02R_HFT_2023241.Test\YBI02R_HFT_2023241.Test.csproj", "{19DC7F9F-C33E-445D-8BB0-727A5626F021}"
	ProjectSection(ProjectDependencies) = postProject
		{199647C7-9356-4B7A-ABC7-4CA18EAB1C07} = {199647C7-9356-4B7A-ABC7-4CA18EAB1C07}
		{2A15D296-DF05-440A-8B64-4DBC49D4F20C} = {2A15D296-DF05-440A-8B64-4DBC49D4F20C}
		{50DB7DF3-8249-4BEC-B8BB-A8A8412C75C1} = {50DB7DF3-8249-4BEC-B8BB-A8A8412C75C1}
	EndProjectSection
EndProject
Project("{FAE04EC0-301F-11D3-BF4B-00C04F79EFBC}") = "YBI02R_HFT_2023241.Endpoint", "YBI02R_HFT_2023241.Endpoint\YBI02R_HFT_2023241.Endpoint.csproj", "{0CB35E69-6CCD-4890-97FD-9F5702D44342}"
	ProjectSection(ProjectDependencies) = postProject
		{199647C7-9356-4B7A-ABC7-4CA18EAB1C07} = {199647C7-9356-4B7A-ABC7-4CA18EAB1C07}
		{2A15D296-DF05-440A-8B64-4DBC49D4F20C} = {2A15D296-DF05-440A-8B64-4DBC49D4F20C}
		{50DB7DF3-8249-4BEC-B8BB-A8A8412C75C1} = {50DB7DF3-8249-4BEC-B8BB-A8A8412C75C1}
	EndProjectSection
EndProject
Project("{FAE04EC0-301F-11D3-BF4B-00C04F79EFBC}") = "YBI02R_HFT_2023241.Models", "Shared\YBI02R_HFT_2023241.Models\YBI02R_HFT_2023241.Models.csproj", "{2A15D296-DF05-440A-8B64-4DBC49D4F20C}"
EndProject
Global
	GlobalSection(SolutionConfigurationPlatforms) = preSolution
		Debug|Any CPU = Debug|Any CPU
		Release|Any CPU = Release|Any CPU
	EndGlobalSection
	GlobalSection(ProjectConfigurationPlatforms) = postSolution
		{B26E547A-F711-493C-9752-6E5BC3411599}.Debug|Any CPU.ActiveCfg = Debug|Any CPU
		{B26E547A-F711-493C-9752-6E5BC3411599}.Debug|Any CPU.Build.0 = Debug|Any CPU
		{B26E547A-F711-493C-9752-6E5BC3411599}.Release|Any CPU.ActiveCfg = Release|Any CPU
		{B26E547A-F711-493C-9752-6E5BC3411599}.Release|Any CPU.Build.0 = Release|Any CPU
		{199647C7-9356-4B7A-ABC7-4CA18EAB1C07}.Debug|Any CPU.ActiveCfg = Debug|Any CPU
		{199647C7-9356-4B7A-ABC7-4CA18EAB1C07}.Debug|Any CPU.Build.0 = Debug|Any CPU
		{199647C7-9356-4B7A-ABC7-4CA18EAB1C07}.Release|Any CPU.ActiveCfg = Release|Any CPU
		{199647C7-9356-4B7A-ABC7-4CA18EAB1C07}.Release|Any CPU.Build.0 = Release|Any CPU
		{50DB7DF3-8249-4BEC-B8BB-A8A8412C75C1}.Debug|Any CPU.ActiveCfg = Debug|Any CPU
		{50DB7DF3-8249-4BEC-B8BB-A8A8412C75C1}.Debug|Any CPU.Build.0 = Debug|Any CPU
		{50DB7DF3-8249-4BEC-B8BB-A8A8412C75C1}.Release|Any CPU.ActiveCfg = Release|Any CPU
		{50DB7DF3-8249-4BEC-B8BB-A8A8412C75C1}.Release|Any CPU.Build.0 = Release|Any CPU
		{19DC7F9F-C33E-445D-8BB0-727A5626F021}.Debug|Any CPU.ActiveCfg = Debug|Any CPU
		{19DC7F9F-C33E-445D-8BB0-727A5626F021}.Debug|Any CPU.Build.0 = Debug|Any CPU
		{19DC7F9F-C33E-445D-8BB0-727A5626F021}.Release|Any CPU.ActiveCfg = Release|Any CPU
		{19DC7F9F-C33E-445D-8BB0-727A5626F021}.Release|Any CPU.Build.0 = Release|Any CPU
		{0CB35E69-6CCD-4890-97FD-9F5702D44342}.Debug|Any CPU.ActiveCfg = Debug|Any CPU
		{0CB35E69-6CCD-4890-97FD-9F5702D44342}.Debug|Any CPU.Build.0 = Debug|Any CPU
		{0CB35E69-6CCD-4890-97FD-9F5702D44342}.Release|Any CPU.ActiveCfg = Release|Any CPU
		{0CB35E69-6CCD-4890-97FD-9F5702D44342}.Release|Any CPU.Build.0 = Release|Any CPU
		{2A15D296-DF05-440A-8B64-4DBC49D4F20C}.Debug|Any CPU.ActiveCfg = Debug|Any CPU
		{2A15D296-DF05-440A-8B64-4DBC49D4F20C}.Debug|Any CPU.Build.0 = Debug|Any CPU
		{2A15D296-DF05-440A-8B64-4DBC49D4F20C}.Release|Any CPU.ActiveCfg = Release|Any CPU
		{2A15D296-DF05-440A-8B64-4DBC49D4F20C}.Release|Any CPU.Build.0 = Release|Any CPU
	EndGlobalSection
	GlobalSection(SolutionProperties) = preSolution
		HideSolutionNode = FALSE
	EndGlobalSection
	GlobalSection(NestedProjects) = preSolution
		{B26E547A-F711-493C-9752-6E5BC3411599} = {98301D29-6A20-435C-A6EE-E9CCEFFD2B81}
		{199647C7-9356-4B7A-ABC7-4CA18EAB1C07} = {68812B97-4B35-45CE-80CC-4497750FAD25}
		{50DB7DF3-8249-4BEC-B8BB-A8A8412C75C1} = {68812B97-4B35-45CE-80CC-4497750FAD25}
		{19DC7F9F-C33E-445D-8BB0-727A5626F021} = {68812B97-4B35-45CE-80CC-4497750FAD25}
		{0CB35E69-6CCD-4890-97FD-9F5702D44342} = {68812B97-4B35-45CE-80CC-4497750FAD25}
		{2A15D296-DF05-440A-8B64-4DBC49D4F20C} = {DBD26500-3542-423D-8F93-091359D31529}
	EndGlobalSection
	GlobalSection(ExtensibilityGlobals) = postSolution
		SolutionGuid = {ACA364E8-079F-4333-AD24-6544301C51F0}
	EndGlobalSection
EndGlobal
