
Microsoft Visual Studio Solution File, Format Version 12.00
# Visual Studio Version 17
VisualStudioVersion = 17.5.002.0
MinimumVisualStudioVersion = 10.0.40219.1
Project("{9A19103F-16F7-4668-BE54-9A1E7A4F7556}") = "YBI02R_HFT_2023241.WPFClient", "YBI02R_HFT_2023241.WPFClient.csproj", "{8F081B98-0DB1-48AF-BF36-4B6DE5494714}"
EndProject
Global
	GlobalSection(SolutionConfigurationPlatforms) = preSolution
		Debug|Any CPU = Debug|Any CPU
		Release|Any CPU = Release|Any CPU
	EndGlobalSection
	GlobalSection(ProjectConfigurationPlatforms) = postSolution
		{8F081B98-0DB1-48AF-BF36-4B6DE5494714}.Debug|Any CPU.ActiveCfg = Debug|Any CPU
		{8F081B98-0DB1-48AF-BF36-4B6DE5494714}.Debug|Any CPU.Build.0 = Debug|Any CPU
		{8F081B98-0DB1-48AF-BF36-4B6DE5494714}.Release|Any CPU.ActiveCfg = Release|Any CPU
		{8F081B98-0DB1-48AF-BF36-4B6DE5494714}.Release|Any CPU.Build.0 = Release|Any CPU
	EndGlobalSection
	GlobalSection(SolutionProperties) = preSolution
		HideSolutionNode = FALSE
	EndGlobalSection
	GlobalSection(ExtensibilityGlobals) = postSolution
		SolutionGuid = {FA4F7755-E4CB-42A1-AB2D-4CCA41CC916A}
	EndGlobalSection
EndGlobal
